
Microsoft Visual Studio Solution File, Format Version 12.00
# Visual Studio Version 17
VisualStudioVersion = 17.7.34202.233
MinimumVisualStudioVersion = 10.0.40219.1
Project("{FAE04EC0-301F-11D3-BF4B-00C04F79EFBC}") = "server-asp", "server-asp\server-asp.csproj", "{873212D1-615B-4CB2-AC11-411C31E72C12}"
EndProject
Global
	GlobalSection(SolutionConfigurationPlatforms) = preSolution
		Debug|Any CPU = Debug|Any CPU
		Release|Any CPU = Release|Any CPU
	EndGlobalSection
	GlobalSection(ProjectConfigurationPlatforms) = postSolution
		{873212D1-615B-4CB2-AC11-411C31E72C12}.Debug|Any CPU.ActiveCfg = Debug|Any CPU
		{873212D1-615B-4CB2-AC11-411C31E72C12}.Debug|Any CPU.Build.0 = Debug|Any CPU
		{873212D1-615B-4CB2-AC11-411C31E72C12}.Release|Any CPU.ActiveCfg = Release|Any CPU
		{873212D1-615B-4CB2-AC11-411C31E72C12}.Release|Any CPU.Build.0 = Release|Any CPU
	EndGlobalSection
	GlobalSection(SolutionProperties) = preSolution
		HideSolutionNode = FALSE
	EndGlobalSection
	GlobalSection(ExtensibilityGlobals) = postSolution
		SolutionGuid = {29D27F65-7A14-485E-BF9F-EC717857A39A}
	EndGlobalSection
EndGlobal
